{
  "name": "lib",
  "version": "1.0.0",
  "lockfileVersion": 2,
  "requires": true,
  "packages": {
    "": {
      "name": "lib",
      "version": "1.0.0",
      "license": "GPL-3.0",
      "dependencies": {
        "isaac-racing-common": "^1.0.7"
      }
    },
    "node_modules/isaac-racing-common": {
      "version": "1.0.7",
      "resolved": "https://registry.npmjs.org/isaac-racing-common/-/isaac-racing-common-1.0.7.tgz",
      "integrity": "sha512-227jmkAx72oHEYBODrREZjZ51U7+BEA/ZN5SjwXUs/XYpO5UE2u9KjmuYTPs70rhDEtJfGtRZP/NzBF5zVb6cQ=="
    }
  },
  "dependencies": {
    "isaac-racing-common": {
      "version": "1.0.7",
      "resolved": "https://registry.npmjs.org/isaac-racing-common/-/isaac-racing-common-1.0.7.tgz",
      "integrity": "sha512-227jmkAx72oHEYBODrREZjZ51U7+BEA/ZN5SjwXUs/XYpO5UE2u9KjmuYTPs70rhDEtJfGtRZP/NzBF5zVb6cQ=="
    }
  }
}
