{
  "name": "lib",
  "version": "1.0.0",
  "lockfileVersion": 2,
  "requires": true,
  "packages": {
    "": {
      "name": "lib",
      "version": "1.0.0",
      "license": "GPL-3.0",
      "dependencies": {
        "isaac-racing-common": "^1.0.5"
      }
    },
    "node_modules/isaac-racing-common": {
      "version": "1.0.5",
      "resolved": "https://registry.npmjs.org/isaac-racing-common/-/isaac-racing-common-1.0.5.tgz",
      "integrity": "sha512-zFFfeI5yCApVgbNrLwDi51CeJJuhroDBhX74X3oOZ0wU3Ec9pi85qYCKD3+FWcn5vcMh1hGfjwGPH4WOSekK2w=="
    }
  },
  "dependencies": {
    "isaac-racing-common": {
      "version": "1.0.5",
      "resolved": "https://registry.npmjs.org/isaac-racing-common/-/isaac-racing-common-1.0.5.tgz",
      "integrity": "sha512-zFFfeI5yCApVgbNrLwDi51CeJJuhroDBhX74X3oOZ0wU3Ec9pi85qYCKD3+FWcn5vcMh1hGfjwGPH4WOSekK2w=="
    }
  }
}
