{
  "name": "lib",
  "version": "1.0.0",
  "lockfileVersion": 2,
  "requires": true,
  "packages": {
    "": {
      "version": "1.0.0",
      "license": "GPL-3.0",
      "dependencies": {
        "isaac-racing-common": "^1.0.6"
      }
    },
    "node_modules/isaac-racing-common": {
      "version": "1.0.6",
      "resolved": "https://registry.npmjs.org/isaac-racing-common/-/isaac-racing-common-1.0.6.tgz",
      "integrity": "sha512-taM4/c49HI3fVUK8LbUVqlNK4tgUGj2Ioy6SuZGaHAabzV+qp6vWJaLVO0sjyLmriJIWw6XLhwe9Mx6j4VE+eQ=="
    }
  },
  "dependencies": {
    "isaac-racing-common": {
      "version": "1.0.6",
      "resolved": "https://registry.npmjs.org/isaac-racing-common/-/isaac-racing-common-1.0.6.tgz",
      "integrity": "sha512-taM4/c49HI3fVUK8LbUVqlNK4tgUGj2Ioy6SuZGaHAabzV+qp6vWJaLVO0sjyLmriJIWw6XLhwe9Mx6j4VE+eQ=="
    }
  }
}
