# THIS IS AN AUTOGENERATED FILE. DO NOT EDIT THIS FILE DIRECTLY.
# yarn lockfile v1


isaac-racing-common@^1.0.8:
  version "1.0.8"
  resolved "https://registry.yarnpkg.com/isaac-racing-common/-/isaac-racing-common-1.0.8.tgz#4d74f0789fa9195d2760703f37c8af2065b47eda"
  integrity sha512-4+cknGN8opslGqO7a54PMGLD664Flj+aFDVs7uF53SIeyoMYM4ek/Pbiq3I70p4+w70cMmnqdmiujk70EuC5AA==
